{
  "lockfileVersion": 1,
  "workspaces": {
    "": {
      "name": "lottie-to-gif",
      "dependencies": {
        "@napi-rs/canvas": "^0.1.86",
        "gifenc": "^1.0.3",
        "lottie-web": "^5.13.0",
      },
      "devDependencies": {
        "@types/bun": "latest",
      },
      "peerDependencies": {
        "typescript": "^5",
      },
    },
  },
  "packages": {
    "@napi-rs/canvas": ["@napi-rs/canvas@0.1.86", "", { "optionalDependencies": { "@napi-rs/canvas-android-arm64": "0.1.86", "@napi-rs/canvas-darwin-arm64": "0.1.86", "@napi-rs/canvas-darwin-x64": "0.1.86", "@napi-rs/canvas-linux-arm-gnueabihf": "0.1.86", "@napi-rs/canvas-linux-arm64-gnu": "0.1.86", "@napi-rs/canvas-linux-arm64-musl": "0.1.86", "@napi-rs/canvas-linux-riscv64-gnu": "0.1.86", "@napi-rs/canvas-linux-x64-gnu": "0.1.86", "@napi-rs/canvas-linux-x64-musl": "0.1.86", "@napi-rs/canvas-win32-arm64-msvc": "0.1.86", "@napi-rs/canvas-win32-x64-msvc": "0.1.86" } }, "sha512-hOkywnrkdFdVpsuaNsZWfEY7kc96eROV2DuMTTvGF15AZfwobzdG2w0eDlU5UBx3Lg/XlWUnqVT5zLUWyo5h6A=="],

    "@napi-rs/canvas-android-arm64": ["@napi-rs/canvas-android-arm64@0.1.86", "", { "os": "android", "cpu": "arm64" }, "sha512-IjkZFKUr6GzMzzrawJaN3v+yY3Fvpa71e0DcbePfxWelFKnESIir+XUcdAbim29JOd0JE0/hQJdfUCb5t/Fjrw=="],

    "@napi-rs/canvas-darwin-arm64": ["@napi-rs/canvas-darwin-arm64@0.1.86", "", { "os": "darwin", "cpu": "arm64" }, "sha512-PUCxDq0wSSJbtaOqoKj3+t5tyDbtxWumziOTykdn3T839hu6koMaBFpGk9lXpsGaPNgyFpPqjxhtsPljBGnDHg=="],

    "@napi-rs/canvas-darwin-x64": ["@napi-rs/canvas-darwin-x64@0.1.86", "", { "os": "darwin", "cpu": "x64" }, "sha512-rlCFLv4Rrg45qFZq7mysrKnsUbMhwdNg3YPuVfo9u4RkOqm7ooAJvdyDFxiqfSsJJTqupYqa9VQCUt8WKxKhNQ=="],

    "@napi-rs/canvas-linux-arm-gnueabihf": ["@napi-rs/canvas-linux-arm-gnueabihf@0.1.86", "", { "os": "linux", "cpu": "arm" }, "sha512-6xWwyMc9BlDBt+9XHN/GzUo3MozHta/2fxQHMb80x0K2zpZuAdDKUYHmYzx9dFWDY3SbPYnx6iRlQl6wxnwS1w=="],

    "@napi-rs/canvas-linux-arm64-gnu": ["@napi-rs/canvas-linux-arm64-gnu@0.1.86", "", { "os": "linux", "cpu": "arm64" }, "sha512-r2OX3w50xHxrToTovOSQWwkVfSq752CUzH9dzlVXyr8UDKFV8dMjfa9hePXvAJhN3NBp4TkHcGx15QCdaCIwnA=="],

    "@napi-rs/canvas-linux-arm64-musl": ["@napi-rs/canvas-linux-arm64-musl@0.1.86", "", { "os": "linux", "cpu": "arm64" }, "sha512-jbXuh8zVFUPw6a9SGpgc6EC+fRbGGyP1NFfeQiVqGLs6bN93ROtPLPL6MH9Bp6yt0CXUFallk2vgKdWDbmW+bw=="],

    "@napi-rs/canvas-linux-riscv64-gnu": ["@napi-rs/canvas-linux-riscv64-gnu@0.1.86", "", { "os": "linux", "cpu": "none" }, "sha512-9IwHR2qbq2HceM9fgwyL7x37Jy3ptt1uxvikQEuWR0FisIx9QEdt7F3huljCky76aoouF2vSd0R2fHo3ESRoPw=="],

    "@napi-rs/canvas-linux-x64-gnu": ["@napi-rs/canvas-linux-x64-gnu@0.1.86", "", { "os": "linux", "cpu": "x64" }, "sha512-Jor+rhRN6ubix+D2QkNn9XlPPVAYl+2qFrkZ4oZN9UgtqIUZ+n+HljxhlkkDFRaX1mlxXOXPQjxaZg17zDSFcQ=="],

    "@napi-rs/canvas-linux-x64-musl": ["@napi-rs/canvas-linux-x64-musl@0.1.86", "", { "os": "linux", "cpu": "x64" }, "sha512-A28VTy91DbclopSGZ2tIon3p8hcVI1JhnNpDpJ5N9rYlUnVz1WQo4waEMh+FICTZF07O3coxBNZc4Vu4doFw7A=="],

    "@napi-rs/canvas-win32-arm64-msvc": ["@napi-rs/canvas-win32-arm64-msvc@0.1.86", "", { "os": "win32", "cpu": "arm64" }, "sha512-q6G1YXUt3gBCAS2bcDMCaBL4y20di8eVVBi1XhjUqZSVyZZxxwIuRQHy31NlPJUCMiyNiMuc6zeI0uqgkWwAmA=="],

    "@napi-rs/canvas-win32-x64-msvc": ["@napi-rs/canvas-win32-x64-msvc@0.1.86", "", { "os": "win32", "cpu": "x64" }, "sha512-X0g46uRVgnvCM1cOjRXAOSFSG63ktUFIf/TIfbKCUc7QpmYUcHmSP9iR6DGOYfk+SggLsXoJCIhPTotYeZEAmg=="],

    "@types/bun": ["@types/bun@1.3.5", "", { "dependencies": { "bun-types": "1.3.5" } }, "sha512-RnygCqNrd3srIPEWBd5LFeUYG7plCoH2Yw9WaZGyNmdTEei+gWaHqydbaIRkIkcbXwhBT94q78QljxN0Sk838w=="],

    "@types/node": ["@types/node@25.0.3", "", { "dependencies": { "undici-types": "~7.16.0" } }, "sha512-W609buLVRVmeW693xKfzHeIV6nJGGz98uCPfeXI1ELMLXVeKYZ9m15fAMSaUPBHYLGFsVRcMmSCksQOrZV9BYA=="],

    "bun-types": ["bun-types@1.3.5", "", { "dependencies": { "@types/node": "*" } }, "sha512-inmAYe2PFLs0SUbFOWSVD24sg1jFlMPxOjOSSCYqUgn4Hsc3rDc7dFvfVYjFPNHtov6kgUeulV4SxbuIV/stPw=="],

    "gifenc": ["gifenc@1.0.3", "", {}, "sha512-xdr6AdrfGBcfzncONUOlXMBuc5wJDtOueE3c5rdG0oNgtINLD+f2iFZltrBRZYzACRbKr+mSVU/x98zv2u3jmw=="],

    "lottie-web": ["lottie-web@5.13.0", "", {}, "sha512-+gfBXl6sxXMPe8tKQm7qzLnUy5DUPJPKIyRHwtpCpyUEYjHYRJC/5gjUvdkuO2c3JllrPtHXH5UJJK8LRYl5yQ=="],

    "typescript": ["typescript@5.9.3", "", { "bin": { "tsc": "bin/tsc", "tsserver": "bin/tsserver" } }, "sha512-jl1vZzPDinLr9eUt3J/t7V6FgNEw9QjvBPdysz9KfQDD41fQrC2Y4vKQdiaUpFT4bXlb1RHhLpp8wtm6M5TgSw=="],

    "undici-types": ["undici-types@7.16.0", "", {}, "sha512-Zz+aZWSj8LE6zoxD+xrjh4VfkIG8Ya6LvYkZqtUQGJPZjYl53ypCaUwWqo7eI0x66KBGeRo+mlBEkMSeSZ38Nw=="],
  }
}
